// !$*UTF8*$!
{
	archiveVersion = 1;
	classes = {
	};
	objectVersion = 50;
	objects = {

/* Begin PBXBuildFile section */
		129586E924E273C500BEF0AE /* AppDelegate.swift in Sources */ = {isa = PBXBuildFile; fileRef = 129586E824E273C500BEF0AE /* AppDelegate.swift */; };
		129586EB24E273C500BEF0AE /* SceneDelegate.swift in Sources */ = {isa = PBXBuildFile; fileRef = 129586EA24E273C500BEF0AE /* SceneDelegate.swift */; };
		129586ED24E273C500BEF0AE /* ContentView.swift in Sources */ = {isa = PBXBuildFile; fileRef = 129586EC24E273C500BEF0AE /* ContentView.swift */; };
		129586EF24E273C600BEF0AE /* Assets.xcassets in Resources */ = {isa = PBXBuildFile; fileRef = 129586EE24E273C600BEF0AE /* Assets.xcassets */; };
		129586F224E273C600BEF0AE /* Preview Assets.xcassets in Resources */ = {isa = PBXBuildFile; fileRef = 129586F124E273C600BEF0AE /* Preview Assets.xcassets */; };
		129586F524E273C600BEF0AE /* LaunchScreen.storyboard in Resources */ = {isa = PBXBuildFile; fileRef = 129586F324E273C600BEF0AE /* LaunchScreen.storyboard */; };
/* End PBXBuildFile section */

/* Begin PBXFileReference section */
		129586E524E273C500BEF0AE /* I am RIch.app */ = {isa = PBXFileReference; explicitFileType = wrapper.application; includeInIndex = 0; path = "I am RIch.app"; sourceTree = BUILT_PRODUCTS_DIR; };
		129586E824E273C500BEF0AE /* AppDelegate.swift */ = {isa = PBXFileReference; lastKnownFileType = sourcecode.swift; path = AppDelegate.swift; sourceTree = "<group>"; };
		129586EA24E273C500BEF0AE /* SceneDelegate.swift */ = {isa = PBXFileReference; lastKnownFileType = sourcecode.swift; path = SceneDelegate.swift; sourceTree = "<group>"; };
		129586EC24E273C500BEF0AE /* ContentView.swift */ = {isa = PBXFileReference; lastKnownFileType = sourcecode.swift; path = ContentView.swift; sourceTree = "<group>"; };
		129586EE24E273C600BEF0AE /* Assets.xcassets */ = {isa = PBXFileReference; lastKnownFileType = folder.assetcatalog; path = Assets.xcassets; sourceTree = "<group>"; };
		129586F124E273C600BEF0AE /* Preview Assets.xcassets */ = {isa = PBXFileReference; lastKnownFileType = folder.assetcatalog; path = "Preview Assets.xcassets"; sourceTree = "<group>"; };
		129586F424E273C600BEF0AE /* Base */ = {isa = PBXFileReference; lastKnownFileType = file.storyboard; name = Base; path = Base.lproj/LaunchScreen.storyboard; sourceTree = "<group>"; };
		129586F624E273C600BEF0AE /* Info.plist */ = {isa = PBXFileReference; lastKnownFileType = text.plist.xml; path = Info.plist; sourceTree = "<group>"; };
/* End PBXFileReference section */

/* Begin PBXFrameworksBuildPhase section */
		129586E224E273C500BEF0AE /* Frameworks */ = {
			isa = PBXFrameworksBuildPhase;
			buildActionMask = 2147483647;
			files = (
			);
			runOnlyForDeploymentPostprocessing = 0;
		};
/* End PBXFrameworksBuildPhase section */

/* Begin PBXGroup section */
		129586DC24E273C500BEF0AE = {
			isa = PBXGroup;
			children = (
				129586E724E273C500BEF0AE /* I am RIch */,
				129586E624E273C500BEF0AE /* Products */,
			);
			sourceTree = "<group>";
		};
		129586E624E273C500BEF0AE /* Products */ = {
			isa = PBXGroup;
			children = (
				129586E524E273C500BEF0AE /* I am RIch.app */,
			);
			name = Products;
			sourceTree = "<group>";
		};
		129586E724E273C500BEF0AE /* I am RIch */ = {
			isa = PBXGroup;
			children = (
				129586E824E273C500BEF0AE /* AppDelegate.swift */,
				129586EA24E273C500BEF0AE /* SceneDelegate.swift */,
				129586EC24E273C500BEF0AE /* ContentView.swift */,
				129586EE24E273C600BEF0AE /* Assets.xcassets */,
				129586F324E273C600BEF0AE /* LaunchScreen.storyboard */,
				129586F624E273C600BEF0AE /* Info.plist */,
				129586F024E273C600BEF0AE /* Preview Content */,
			);
			path = "I am RIch";
			sourceTree = "<group>";
		};
		129586F024E273C600BEF0AE /* Preview Content */ = {
			isa = PBXGroup;
			children = (
				129586F124E273C600BEF0AE /* Preview Assets.xcassets */,
			);
			path = "Preview Content";
			sourceTree = "<group>";
		};
/* End PBXGroup section */

/* Begin PBXNativeTarget section */
		129586E424E273C500BEF0AE /* I am RIch */ = {
			isa = PBXNativeTarget;
			buildConfigurationList = 129586F924E273C600BEF0AE /* Build configuration list for PBXNativeTarget "I am RIch" */;
			buildPhases = (
				129586E124E273C500BEF0AE /* Sources */,
				129586E224E273C500BEF0AE /* Frameworks */,
				129586E324E273C500BEF0AE /* Resources */,
			);
			buildRules = (
			);
			dependencies = (
			);
			name = "I am RIch";
			productName = "I am RIch";
			productReference = 129586E524E273C500BEF0AE /* I am RIch.app */;
			productType = "com.apple.product-type.application";
		};
/* End PBXNativeTarget section */

/* Begin PBXProject section */
		129586DD24E273C500BEF0AE /* Project object */ = {
			isa = PBXProject;
			attributes = {
				LastSwiftUpdateCheck = 1150;
				LastUpgradeCheck = 1150;
				ORGANIZATIONNAME = "Anurag Reddy";
				TargetAttributes = {
					129586E424E273C500BEF0AE = {
						CreatedOnToolsVersion = 11.5;
					};
				};
			};
			buildConfigurationList = 129586E024E273C500BEF0AE /* Build configuration list for PBXProject "I am RIch" */;
			compatibilityVersion = "Xcode 9.3";
			developmentRegion = en;
			hasScannedForEncodings = 0;
			knownRegions = (
				en,
				Base,
			);
			mainGroup = 129586DC24E273C500BEF0AE;
			productRefGroup = 129586E624E273C500BEF0AE /* Products */;
			projectDirPath = "";
			projectRoot = "";
			targets = (
				129586E424E273C500BEF0AE /* I am RIch */,
			);
		};
/* End PBXProject section */

/* Begin PBXResourcesBuildPhase section */
		129586E324E273C500BEF0AE /* Resources */ = {
			isa = PBXResourcesBuildPhase;
			buildActionMask = 2147483647;
			files = (
				129586F524E273C600BEF0AE /* LaunchScreen.storyboard in Resources */,
				129586F224E273C600BEF0AE /* Preview Assets.xcassets in Resources */,
				129586EF24E273C600BEF0AE /* Assets.xcassets in Resources */,
			);
			runOnlyForDeploymentPostprocessing = 0;
		};
/* End PBXResourcesBuildPhase section */

/* Begin PBXSourcesBuildPhase section */
		129586E124E273C500BEF0AE /* Sources */ = {
			isa = PBXSourcesBuildPhase;
			buildActionMask = 2147483647;
			files = (
				129586E924E273C500BEF0AE /* AppDelegate.swift in Sources */,
				129586EB24E273C500BEF0AE /* SceneDelegate.swift in Sources */,
				129586ED24E273C500BEF0AE /* ContentView.swift in Sources */,
			);
			runOnlyForDeploymentPostprocessing = 0;
		};
/* End PBXSourcesBuildPhase section */

/* Begin PBXVariantGroup section */
		129586F324E273C600BEF0AE /* LaunchScreen.storyboard */ = {
			isa = PBXVariantGroup;
			children = (
				129586F424E273C600BEF0AE /* Base */,
			);
			name = LaunchScreen.storyboard;
			sourceTree = "<group>";
		};
/* End PBXVariantGroup section */

/* Begin XCBuildConfiguration section */
		129586F724E273C600BEF0AE /* Debug */ = {
			isa = XCBuildConfiguration;
			buildSettings = {
				ALWAYS_SEARCH_USER_PATHS = NO;
				CLANG_ANALYZER_NONNULL = YES;
				CLANG_ANALYZER_NUMBER_OBJECT_CONVERSION = YES_AGGRESSIVE;
				CLANG_CXX_LANGUAGE_STANDARD = "gnu++14";
				CLANG_CXX_LIBRARY = "libc++";
				CLANG_ENABLE_MODULES = YES;
				CLANG_ENABLE_OBJC_ARC = YES;
				CLANG_ENABLE_OBJC_WEAK = YES;
				CLANG_WARN_BLOCK_CAPTURE_AUTORELEASING = YES;
				CLANG_WARN_BOOL_CONVERSION = YES;
				CLANG_WARN_COMMA = YES;
				CLANG_WARN_CONSTANT_CONVERSION = YES;
				CLANG_WARN_DEPRECATED_OBJC_IMPLEMENTATIONS = YES;
				CLANG_WARN_DIRECT_OBJC_ISA_USAGE = YES_ERROR;
				CLANG_WARN_DOCUMENTATION_COMMENTS = YES;
				CLANG_WARN_EMPTY_BODY = YES;
				CLANG_WARN_ENUM_CONVERSION = YES;
				CLANG_WARN_INFINITE_RECURSION = YES;
				CLANG_WARN_INT_CONVERSION = YES;
				CLANG_WARN_NON_LITERAL_NULL_CONVERSION = YES;
				CLANG_WARN_OBJC_IMPLICIT_RETAIN_SELF = YES;
				CLANG_WARN_OBJC_LITERAL_CONVERSION = YES;
				CLANG_WARN_OBJC_ROOT_CLASS = YES_ERROR;
				CLANG_WARN_RANGE_LOOP_ANALYSIS = YES;
				CLANG_WARN_STRICT_PROTOTYPES = YES;
				CLANG_WARN_SUSPICIOUS_MOVE = YES;
				CLANG_WARN_UNGUARDED_AVAILABILITY = YES_AGGRESSIVE;
				CLANG_WARN_UNREACHABLE_CODE = YES;
				CLANG_WARN__DUPLICATE_METHOD_MATCH = YES;
				COPY_PHASE_STRIP = NO;
				DEBUG_INFORMATION_FORMAT = dwarf;
				ENABLE_STRICT_OBJC_MSGSEND = YES;
				ENABLE_TESTABILITY = YES;
				GCC_C_LANGUAGE_STANDARD = gnu11;
				GCC_DYNAMIC_NO_PIC = NO;
				GCC_NO_COMMON_BLOCKS = YES;
				GCC_OPTIMIZATION_LEVEL = 0;
				GCC_PREPROCESSOR_DEFINITIONS = (
					"DEBUG=1",
					"$(inherited)",
				);
				GCC_WARN_64_TO_32_BIT_CONVERSION = YES;
				GCC_WARN_ABOUT_RETURN_TYPE = YES_ERROR;
				GCC_WARN_UNDECLARED_SELECTOR = YES;
				GCC_WARN_UNINITIALIZED_AUTOS = YES_AGGRESSIVE;
				GCC_WARN_UNUSED_FUNCTION = YES;
				GCC_WARN_UNUSED_VARIABLE = YES;
				IPHONEOS_DEPLOYMENT_TARGET = 13.5;
				MTL_ENABLE_DEBUG_INFO = INCLUDE_SOURCE;
				MTL_FAST_MATH = YES;
				ONLY_ACTIVE_ARCH = YES;
				SDKROOT = iphoneos;
				SWIFT_ACTIVE_COMPILATION_CONDITIONS = DEBUG;
				SWIFT_OPTIMIZATION_LEVEL = "-Onone";
			};
			name = Debug;
		};
		129586F824E273C600BEF0AE /* Release */ = {
			isa = XCBuildConfiguration;
			buildSettings = {
				ALWAYS_SEARCH_USER_PATHS = NO;
				CLANG_ANALYZER_NONNULL = YES;
				CLANG_ANALYZER_NUMBER_OBJECT_CONVERSION = YES_AGGRESSIVE;
				CLANG_CXX_LANGUAGE_STANDARD = "gnu++14";
				CLANG_CXX_LIBRARY = "libc++";
				CLANG_ENABLE_MODULES = YES;
				CLANG_ENABLE_OBJC_ARC = YES;
				CLANG_ENABLE_OBJC_WEAK = YES;
				CLANG_WARN_BLOCK_CAPTURE_AUTORELEASING = YES;
				CLANG_WARN_BOOL_CONVERSION = YES;
				CLANG_WARN_COMMA = YES;
				CLANG_WARN_CONSTANT_CONVERSION = YES;
				CLANG_WARN_DEPRECATED_OBJC_IMPLEMENTATIONS = YES;
				CLANG_WARN_DIRECT_OBJC_ISA_USAGE = YES_ERROR;
				CLANG_WARN_DOCUMENTATION_COMMENTS = YES;
				CLANG_WARN_EMPTY_BODY = YES;
				CLANG_WARN_ENUM_CONVERSION = YES;
				CLANG_WARN_INFINITE_RECURSION = YES;
				CLANG_WARN_INT_CONVERSION = YES;
				CLANG_WARN_NON_LITERAL_NULL_CONVERSION = YES;
				CLANG_WARN_OBJC_IMPLICIT_RETAIN_SELF = YES;
				CLANG_WARN_OBJC_LITERAL_CONVERSION = YES;
				CLANG_WARN_OBJC_ROOT_CLASS = YES_ERROR;
				CLANG_WARN_RANGE_LOOP_ANALYSIS = YES;
				CLANG_WARN_STRICT_PROTOTYPES = YES;
				CLANG_WARN_SUSPICIOUS_MOVE = YES;
				CLANG_WARN_UNGUARDED_AVAILABILITY = YES_AGGRESSIVE;
				CLANG_WARN_UNREACHABLE_CODE = YES;
				CLANG_WARN__DUPLICATE_METHOD_MATCH = YES;
				COPY_PHASE_STRIP = NO;
				DEBUG_INFORMATION_FORMAT = "dwarf-with-dsym";
				ENABLE_NS_ASSERTIONS = NO;
				ENABLE_STRICT_OBJC_MSGSEND = YES;
				GCC_C_LANGUAGE_STANDARD = gnu11;
				GCC_NO_COMMON_BLOCKS = YES;
				GCC_WARN_64_TO_32_BIT_CONVERSION = YES;
				GCC_WARN_ABOUT_RETURN_TYPE = YES_ERROR;
				GCC_WARN_UNDECLARED_SELECTOR = YES;
				GCC_WARN_UNINITIALIZED_AUTOS = YES_AGGRESSIVE;
				GCC_WARN_UNUSED_FUNCTION = YES;
				GCC_WARN_UNUSED_VARIABLE = YES;
				IPHONEOS_DEPLOYMENT_TARGET = 13.5;
				MTL_ENABLE_DEBUG_INFO = NO;
				MTL_FAST_MATH = YES;
				SDKROOT = iphoneos;
				SWIFT_COMPILATION_MODE = wholemodule;
				SWIFT_OPTIMIZATION_LEVEL = "-O";
				VALIDATE_PRODUCT = YES;
			};
			name = Release;
		};
		129586FA24E273C600BEF0AE /* Debug */ = {
			isa = XCBuildConfiguration;
			buildSettings = {
				ASSETCATALOG_COMPILER_APPICON_NAME = AppIcon;
				CODE_SIGN_STYLE = Automatic;
				DEVELOPMENT_ASSET_PATHS = "\"I am RIch/Preview Content\"";
				ENABLE_PREVIEWS = YES;
				INFOPLIST_FILE = "I am RIch/Info.plist";
				LD_RUNPATH_SEARCH_PATHS = (
					"$(inherited)",
					"@executable_path/Frameworks",
				);
				PRODUCT_BUNDLE_IDENTIFIER = "com.anurag.I-am-RIch";
				PRODUCT_NAME = "$(TARGET_NAME)";
				SWIFT_VERSION = 5.0;
				TARGETED_DEVICE_FAMILY = "1,2";
			};
			name = Debug;
		};
		129586FB24E273C600BEF0AE /* Release */ = {
			isa = XCBuildConfiguration;
			buildSettings = {
				ASSETCATALOG_COMPILER_APPICON_NAME = AppIcon;
				CODE_SIGN_STYLE = Automatic;
				DEVELOPMENT_ASSET_PATHS = "\"I am RIch/Preview Content\"";
				ENABLE_PREVIEWS = YES;
				INFOPLIST_FILE = "I am RIch/Info.plist";
				LD_RUNPATH_SEARCH_PATHS = (
					"$(inherited)",
					"@executable_path/Frameworks",
				);
				PRODUCT_BUNDLE_IDENTIFIER = "com.anurag.I-am-RIch";
				PRODUCT_NAME = "$(TARGET_NAME)";
				SWIFT_VERSION = 5.0;
				TARGETED_DEVICE_FAMILY = "1,2";
			};
			name = Release;
		};
/* End XCBuildConfiguration section */

/* Begin XCConfigurationList section */
		129586E024E273C500BEF0AE /* Build configuration list for PBXProject "I am RIch" */ = {
			isa = XCConfigurationList;
			buildConfigurations = (
				129586F724E273C600BEF0AE /* Debug */,
				129586F824E273C600BEF0AE /* Release */,
			);
			defaultConfigurationIsVisible = 0;
			defaultConfigurationName = Release;
		};
		129586F924E273C600BEF0AE /* Build configuration list for PBXNativeTarget "I am RIch" */ = {
			isa = XCConfigurationList;
			buildConfigurations = (
				129586FA24E273C600BEF0AE /* Debug */,
				129586FB24E273C600BEF0AE /* Release */,
			);
			defaultConfigurationIsVisible = 0;
			defaultConfigurationName = Release;
		};
/* End XCConfigurationList section */
	};
	rootObject = 129586DD24E273C500BEF0AE /* Project object */;
}
